
Microsoft Visual Studio Solution File, Format Version 12.00
# Visual Studio Version 17
VisualStudioVersion = 17.14.36414.22 d17.14
MinimumVisualStudioVersion = 10.0.40219.1
Project("{FAE04EC0-301F-11D3-BF4B-00C04F79EFBC}") = "JogoDaVelha", "JogoDaVelha\JogoDaVelha.csproj", "{BFFD28CB-6EFC-40AD-A4F8-82B3F1DB6682}"
EndProject
Global
	GlobalSection(SolutionConfigurationPlatforms) = preSolution
		Debug|Any CPU = Debug|Any CPU
		Release|Any CPU = Release|Any CPU
	EndGlobalSection
	GlobalSection(ProjectConfigurationPlatforms) = postSolution
		{BFFD28CB-6EFC-40AD-A4F8-82B3F1DB6682}.Debug|Any CPU.ActiveCfg = Debug|Any CPU
		{BFFD28CB-6EFC-40AD-A4F8-82B3F1DB6682}.Debug|Any CPU.Build.0 = Debug|Any CPU
		{BFFD28CB-6EFC-40AD-A4F8-82B3F1DB6682}.Release|Any CPU.ActiveCfg = Release|Any CPU
		{BFFD28CB-6EFC-40AD-A4F8-82B3F1DB6682}.Release|Any CPU.Build.0 = Release|Any CPU
	EndGlobalSection
	GlobalSection(SolutionProperties) = preSolution
		HideSolutionNode = FALSE
	EndGlobalSection
	GlobalSection(ExtensibilityGlobals) = postSolution
		SolutionGuid = {69373D8D-D182-491A-95B4-290EFA96DC71}
	EndGlobalSection
EndGlobal
