
Microsoft Visual Studio Solution File, Format Version 12.00
# Visual Studio Version 17
VisualStudioVersion = 17.13.35919.96 d17.13
MinimumVisualStudioVersion = 10.0.40219.1
Project("{FAE04EC0-301F-11D3-BF4B-00C04F79EFBC}") = "Sistema Bancário", "Sistema Bancário\Sistema Bancário.csproj", "{930B4ED9-937C-46E7-842A-14E86EB137E6}"
EndProject
Global
	GlobalSection(SolutionConfigurationPlatforms) = preSolution
		Debug|Any CPU = Debug|Any CPU
		Release|Any CPU = Release|Any CPU
	EndGlobalSection
	GlobalSection(ProjectConfigurationPlatforms) = postSolution
		{930B4ED9-937C-46E7-842A-14E86EB137E6}.Debug|Any CPU.ActiveCfg = Debug|Any CPU
		{930B4ED9-937C-46E7-842A-14E86EB137E6}.Debug|Any CPU.Build.0 = Debug|Any CPU
		{930B4ED9-937C-46E7-842A-14E86EB137E6}.Release|Any CPU.ActiveCfg = Release|Any CPU
		{930B4ED9-937C-46E7-842A-14E86EB137E6}.Release|Any CPU.Build.0 = Release|Any CPU
	EndGlobalSection
	GlobalSection(SolutionProperties) = preSolution
		HideSolutionNode = FALSE
	EndGlobalSection
	GlobalSection(ExtensibilityGlobals) = postSolution
		SolutionGuid = {1A928A02-9C8B-41E5-912B-4DF86477D17B}
	EndGlobalSection
EndGlobal
