
Microsoft Visual Studio Solution File, Format Version 12.00
# Visual Studio Version 17
VisualStudioVersion = 17.13.35919.96 d17.13
MinimumVisualStudioVersion = 10.0.40219.1
Project("{FAE04EC0-301F-11D3-BF4B-00C04F79EFBC}") = "Correcao_Exercicios_POO", "Correcao_Exercicios_POO\Correcao_Exercicios_POO.csproj", "{BD6B9AEA-4251-4232-B453-30E27E1D7310}"
EndProject
Global
	GlobalSection(SolutionConfigurationPlatforms) = preSolution
		Debug|Any CPU = Debug|Any CPU
		Release|Any CPU = Release|Any CPU
	EndGlobalSection
	GlobalSection(ProjectConfigurationPlatforms) = postSolution
		{BD6B9AEA-4251-4232-B453-30E27E1D7310}.Debug|Any CPU.ActiveCfg = Debug|Any CPU
		{BD6B9AEA-4251-4232-B453-30E27E1D7310}.Debug|Any CPU.Build.0 = Debug|Any CPU
		{BD6B9AEA-4251-4232-B453-30E27E1D7310}.Release|Any CPU.ActiveCfg = Release|Any CPU
		{BD6B9AEA-4251-4232-B453-30E27E1D7310}.Release|Any CPU.Build.0 = Release|Any CPU
	EndGlobalSection
	GlobalSection(SolutionProperties) = preSolution
		HideSolutionNode = FALSE
	EndGlobalSection
	GlobalSection(ExtensibilityGlobals) = postSolution
		SolutionGuid = {CCD6A487-FEE7-4214-8213-65443EA5765C}
	EndGlobalSection
EndGlobal
